// !$*UTF8*$!
{
	archiveVersion = 1;
	classes = {
	};
	objectVersion = 46;
	objects = {

/* Begin PBXBuildFile section */
		A6C000861D0B0883003DFA01 /* AppDelegate.swift in Sources */ = {isa = PBXBuildFile; fileRef = A6C000851D0B0883003DFA01 /* AppDelegate.swift */; };
		A6C000881D0B0883003DFA01 /* ViewController.swift in Sources */ = {isa = PBXBuildFile; fileRef = A6C000871D0B0883003DFA01 /* ViewController.swift */; };
		A6C0008B1D0B0883003DFA01 /* Main.storyboard in Resources */ = {isa = PBXBuildFile; fileRef = A6C000891D0B0883003DFA01 /* Main.storyboard */; };
		A6C0008D1D0B0883003DFA01 /* Images.xcassets in Resources */ = {isa = PBXBuildFile; fileRef = A6C0008C1D0B0883003DFA01 /* Images.xcassets */; };
		A6C000901D0B0883003DFA01 /* LaunchScreen.xib in Resources */ = {isa = PBXBuildFile; fileRef = A6C0008E1D0B0883003DFA01 /* LaunchScreen.xib */; };
		A6C0009C1D0B0883003DFA01 /* PlaygorundSwiftTests.swift in Sources */ = {isa = PBXBuildFile; fileRef = A6C0009B1D0B0883003DFA01 /* PlaygorundSwiftTests.swift */; };
/* End PBXBuildFile section */

/* Begin PBXContainerItemProxy section */
		A6C000961D0B0883003DFA01 /* PBXContainerItemProxy */ = {
			isa = PBXContainerItemProxy;
			containerPortal = A6C000781D0B0883003DFA01 /* Project object */;
			proxyType = 1;
			remoteGlobalIDString = A6C0007F1D0B0883003DFA01;
			remoteInfo = PlaygorundSwift;
		};
/* End PBXContainerItemProxy section */

/* Begin PBXFileReference section */
		A6C000801D0B0883003DFA01 /* PlaygorundSwift.app */ = {isa = PBXFileReference; explicitFileType = wrapper.application; includeInIndex = 0; path = PlaygorundSwift.app; sourceTree = BUILT_PRODUCTS_DIR; };
		A6C000841D0B0883003DFA01 /* Info.plist */ = {isa = PBXFileReference; lastKnownFileType = text.plist.xml; path = Info.plist; sourceTree = "<group>"; };
		A6C000851D0B0883003DFA01 /* AppDelegate.swift */ = {isa = PBXFileReference; lastKnownFileType = sourcecode.swift; path = AppDelegate.swift; sourceTree = "<group>"; };
		A6C000871D0B0883003DFA01 /* ViewController.swift */ = {isa = PBXFileReference; lastKnownFileType = sourcecode.swift; path = ViewController.swift; sourceTree = "<group>"; };
		A6C0008A1D0B0883003DFA01 /* Base */ = {isa = PBXFileReference; lastKnownFileType = file.storyboard; name = Base; path = Base.lproj/Main.storyboard; sourceTree = "<group>"; };
		A6C0008C1D0B0883003DFA01 /* Images.xcassets */ = {isa = PBXFileReference; lastKnownFileType = folder.assetcatalog; path = Images.xcassets; sourceTree = "<group>"; };
		A6C0008F1D0B0883003DFA01 /* Base */ = {isa = PBXFileReference; lastKnownFileType = file.xib; name = Base; path = Base.lproj/LaunchScreen.xib; sourceTree = "<group>"; };
		A6C000951D0B0883003DFA01 /* PlaygorundSwiftTests.xctest */ = {isa = PBXFileReference; explicitFileType = wrapper.cfbundle; includeInIndex = 0; path = PlaygorundSwiftTests.xctest; sourceTree = BUILT_PRODUCTS_DIR; };
		A6C0009A1D0B0883003DFA01 /* Info.plist */ = {isa = PBXFileReference; lastKnownFileType = text.plist.xml; path = Info.plist; sourceTree = "<group>"; };
		A6C0009B1D0B0883003DFA01 /* PlaygorundSwiftTests.swift */ = {isa = PBXFileReference; lastKnownFileType = sourcecode.swift; path = PlaygorundSwiftTests.swift; sourceTree = "<group>"; };
/* End PBXFileReference section */

/* Begin PBXFrameworksBuildPhase section */
		A6C0007D1D0B0883003DFA01 /* Frameworks */ = {
			isa = PBXFrameworksBuildPhase;
			buildActionMask = 2147483647;
			files = (
			);
			runOnlyForDeploymentPostprocessing = 0;
		};
		A6C000921D0B0883003DFA01 /* Frameworks */ = {
			isa = PBXFrameworksBuildPhase;
			buildActionMask = 2147483647;
			files = (
			);
			runOnlyForDeploymentPostprocessing = 0;
		};
/* End PBXFrameworksBuildPhase section */

/* Begin PBXGroup section */
		A6C000771D0B0883003DFA01 = {
			isa = PBXGroup;
			children = (
				A6C000821D0B0883003DFA01 /* PlaygorundSwift */,
				A6C000981D0B0883003DFA01 /* PlaygorundSwiftTests */,
				A6C000811D0B0883003DFA01 /* Products */,
			);
			sourceTree = "<group>";
		};
		A6C000811D0B0883003DFA01 /* Products */ = {
			isa = PBXGroup;
			children = (
				A6C000801D0B0883003DFA01 /* PlaygorundSwift.app */,
				A6C000951D0B0883003DFA01 /* PlaygorundSwiftTests.xctest */,
			);
			name = Products;
			sourceTree = "<group>";
		};
		A6C000821D0B0883003DFA01 /* PlaygorundSwift */ = {
			isa = PBXGroup;
			children = (
				A6C000851D0B0883003DFA01 /* AppDelegate.swift */,
				A6C000871D0B0883003DFA01 /* ViewController.swift */,
				A6C000891D0B0883003DFA01 /* Main.storyboard */,
				A6C0008C1D0B0883003DFA01 /* Images.xcassets */,
				A6C0008E1D0B0883003DFA01 /* LaunchScreen.xib */,
				A6C000831D0B0883003DFA01 /* Supporting Files */,
			);
			path = PlaygorundSwift;
			sourceTree = "<group>";
		};
		A6C000831D0B0883003DFA01 /* Supporting Files */ = {
			isa = PBXGroup;
			children = (
				A6C000841D0B0883003DFA01 /* Info.plist */,
			);
			name = "Supporting Files";
			sourceTree = "<group>";
		};
		A6C000981D0B0883003DFA01 /* PlaygorundSwiftTests */ = {
			isa = PBXGroup;
			children = (
				A6C0009B1D0B0883003DFA01 /* PlaygorundSwiftTests.swift */,
				A6C000991D0B0883003DFA01 /* Supporting Files */,
			);
			path = PlaygorundSwiftTests;
			sourceTree = "<group>";
		};
		A6C000991D0B0883003DFA01 /* Supporting Files */ = {
			isa = PBXGroup;
			children = (
				A6C0009A1D0B0883003DFA01 /* Info.plist */,
			);
			name = "Supporting Files";
			sourceTree = "<group>";
		};
/* End PBXGroup section */

/* Begin PBXNativeTarget section */
		A6C0007F1D0B0883003DFA01 /* PlaygorundSwift */ = {
			isa = PBXNativeTarget;
			buildConfigurationList = A6C0009F1D0B0883003DFA01 /* Build configuration list for PBXNativeTarget "PlaygorundSwift" */;
			buildPhases = (
				A6C0007C1D0B0883003DFA01 /* Sources */,
				A6C0007D1D0B0883003DFA01 /* Frameworks */,
				A6C0007E1D0B0883003DFA01 /* Resources */,
			);
			buildRules = (
			);
			dependencies = (
			);
			name = PlaygorundSwift;
			productName = PlaygorundSwift;
			productReference = A6C000801D0B0883003DFA01 /* PlaygorundSwift.app */;
			productType = "com.apple.product-type.application";
		};
		A6C000941D0B0883003DFA01 /* PlaygorundSwiftTests */ = {
			isa = PBXNativeTarget;
			buildConfigurationList = A6C000A21D0B0883003DFA01 /* Build configuration list for PBXNativeTarget "PlaygorundSwiftTests" */;
			buildPhases = (
				A6C000911D0B0883003DFA01 /* Sources */,
				A6C000921D0B0883003DFA01 /* Frameworks */,
				A6C000931D0B0883003DFA01 /* Resources */,
			);
			buildRules = (
			);
			dependencies = (
				A6C000971D0B0883003DFA01 /* PBXTargetDependency */,
			);
			name = PlaygorundSwiftTests;
			productName = PlaygorundSwiftTests;
			productReference = A6C000951D0B0883003DFA01 /* PlaygorundSwiftTests.xctest */;
			productType = "com.apple.product-type.bundle.unit-test";
		};
/* End PBXNativeTarget section */

/* Begin PBXProject section */
		A6C000781D0B0883003DFA01 /* Project object */ = {
			isa = PBXProject;
			attributes = {
				LastUpgradeCheck = 0640;
				ORGANIZATIONNAME = "Nair, Sunith";
				TargetAttributes = {
					A6C0007F1D0B0883003DFA01 = {
						CreatedOnToolsVersion = 6.4;
					};
					A6C000941D0B0883003DFA01 = {
						CreatedOnToolsVersion = 6.4;
						TestTargetID = A6C0007F1D0B0883003DFA01;
					};
				};
			};
			buildConfigurationList = A6C0007B1D0B0883003DFA01 /* Build configuration list for PBXProject "PlaygorundSwift" */;
			compatibilityVersion = "Xcode 3.2";
			developmentRegion = English;
			hasScannedForEncodings = 0;
			knownRegions = (
				en,
				Base,
			);
			mainGroup = A6C000771D0B0883003DFA01;
			productRefGroup = A6C000811D0B0883003DFA01 /* Products */;
			projectDirPath = "";
			projectRoot = "";
			targets = (
				A6C0007F1D0B0883003DFA01 /* PlaygorundSwift */,
				A6C000941D0B0883003DFA01 /* PlaygorundSwiftTests */,
			);
		};
/* End PBXProject section */

/* Begin PBXResourcesBuildPhase section */
		A6C0007E1D0B0883003DFA01 /* Resources */ = {
			isa = PBXResourcesBuildPhase;
			buildActionMask = 2147483647;
			files = (
				A6C0008B1D0B0883003DFA01 /* Main.storyboard in Resources */,
				A6C000901D0B0883003DFA01 /* LaunchScreen.xib in Resources */,
				A6C0008D1D0B0883003DFA01 /* Images.xcassets in Resources */,
			);
			runOnlyForDeploymentPostprocessing = 0;
		};
		A6C000931D0B0883003DFA01 /* Resources */ = {
			isa = PBXResourcesBuildPhase;
			buildActionMask = 2147483647;
			files = (
			);
			runOnlyForDeploymentPostprocessing = 0;
		};
/* End PBXResourcesBuildPhase section */

/* Begin PBXSourcesBuildPhase section */
		A6C0007C1D0B0883003DFA01 /* Sources */ = {
			isa = PBXSourcesBuildPhase;
			buildActionMask = 2147483647;
			files = (
				A6C000881D0B0883003DFA01 /* ViewController.swift in Sources */,
				A6C000861D0B0883003DFA01 /* AppDelegate.swift in Sources */,
			);
			runOnlyForDeploymentPostprocessing = 0;
		};
		A6C000911D0B0883003DFA01 /* Sources */ = {
			isa = PBXSourcesBuildPhase;
			buildActionMask = 2147483647;
			files = (
				A6C0009C1D0B0883003DFA01 /* PlaygorundSwiftTests.swift in Sources */,
			);
			runOnlyForDeploymentPostprocessing = 0;
		};
/* End PBXSourcesBuildPhase section */

/* Begin PBXTargetDependency section */
		A6C000971D0B0883003DFA01 /* PBXTargetDependency */ = {
			isa = PBXTargetDependency;
			target = A6C0007F1D0B0883003DFA01 /* PlaygorundSwift */;
			targetProxy = A6C000961D0B0883003DFA01 /* PBXContainerItemProxy */;
		};
/* End PBXTargetDependency section */

/* Begin PBXVariantGroup section */
		A6C000891D0B0883003DFA01 /* Main.storyboard */ = {
			isa = PBXVariantGroup;
			children = (
				A6C0008A1D0B0883003DFA01 /* Base */,
			);
			name = Main.storyboard;
			sourceTree = "<group>";
		};
		A6C0008E1D0B0883003DFA01 /* LaunchScreen.xib */ = {
			isa = PBXVariantGroup;
			children = (
				A6C0008F1D0B0883003DFA01 /* Base */,
			);
			name = LaunchScreen.xib;
			sourceTree = "<group>";
		};
/* End PBXVariantGroup section */

/* Begin XCBuildConfiguration section */
		A6C0009D1D0B0883003DFA01 /* Debug */ = {
			isa = XCBuildConfiguration;
			buildSettings = {
				ALWAYS_SEARCH_USER_PATHS = NO;
				CLANG_CXX_LANGUAGE_STANDARD = "gnu++0x";
				CLANG_CXX_LIBRARY = "libc++";
				CLANG_ENABLE_MODULES = YES;
				CLANG_ENABLE_OBJC_ARC = YES;
				CLANG_WARN_BOOL_CONVERSION = YES;
				CLANG_WARN_CONSTANT_CONVERSION = YES;
				CLANG_WARN_DIRECT_OBJC_ISA_USAGE = YES_ERROR;
				CLANG_WARN_EMPTY_BODY = YES;
				CLANG_WARN_ENUM_CONVERSION = YES;
				CLANG_WARN_INT_CONVERSION = YES;
				CLANG_WARN_OBJC_ROOT_CLASS = YES_ERROR;
				CLANG_WARN_UNREACHABLE_CODE = YES;
				CLANG_WARN__DUPLICATE_METHOD_MATCH = YES;
				"CODE_SIGN_IDENTITY[sdk=iphoneos*]" = "iPhone Developer";
				COPY_PHASE_STRIP = NO;
				DEBUG_INFORMATION_FORMAT = "dwarf-with-dsym";
				ENABLE_STRICT_OBJC_MSGSEND = YES;
				GCC_C_LANGUAGE_STANDARD = gnu99;
				GCC_DYNAMIC_NO_PIC = NO;
				GCC_NO_COMMON_BLOCKS = YES;
				GCC_OPTIMIZATION_LEVEL = 0;
				GCC_PREPROCESSOR_DEFINITIONS = (
					"DEBUG=1",
					"$(inherited)",
				);
				GCC_SYMBOLS_PRIVATE_EXTERN = NO;
				GCC_WARN_64_TO_32_BIT_CONVERSION = YES;
				GCC_WARN_ABOUT_RETURN_TYPE = YES_ERROR;
				GCC_WARN_UNDECLARED_SELECTOR = YES;
				GCC_WARN_UNINITIALIZED_AUTOS = YES_AGGRESSIVE;
				GCC_WARN_UNUSED_FUNCTION = YES;
				GCC_WARN_UNUSED_VARIABLE = YES;
				IPHONEOS_DEPLOYMENT_TARGET = 8.4;
				MTL_ENABLE_DEBUG_INFO = YES;
				ONLY_ACTIVE_ARCH = YES;
				SDKROOT = iphoneos;
				SWIFT_OPTIMIZATION_LEVEL = "-Onone";
			};
			name = Debug;
		};
		A6C0009E1D0B0883003DFA01 /* Release */ = {
			isa = XCBuildConfiguration;
			buildSettings = {
				ALWAYS_SEARCH_USER_PATHS = NO;
				CLANG_CXX_LANGUAGE_STANDARD = "gnu++0x";
				CLANG_CXX_LIBRARY = "libc++";
				CLANG_ENABLE_MODULES = YES;
				CLANG_ENABLE_OBJC_ARC = YES;
				CLANG_WARN_BOOL_CONVERSION = YES;
				CLANG_WARN_CONSTANT_CONVERSION = YES;
				CLANG_WARN_DIRECT_OBJC_ISA_USAGE = YES_ERROR;
				CLANG_WARN_EMPTY_BODY = YES;
				CLANG_WARN_ENUM_CONVERSION = YES;
				CLANG_WARN_INT_CONVERSION = YES;
				CLANG_WARN_OBJC_ROOT_CLASS = YES_ERROR;
				CLANG_WARN_UNREACHABLE_CODE = YES;
				CLANG_WARN__DUPLICATE_METHOD_MATCH = YES;
				"CODE_SIGN_IDENTITY[sdk=iphoneos*]" = "iPhone Developer";
				COPY_PHASE_STRIP = NO;
				DEBUG_INFORMATION_FORMAT = "dwarf-with-dsym";
				ENABLE_NS_ASSERTIONS = NO;
				ENABLE_STRICT_OBJC_MSGSEND = YES;
				GCC_C_LANGUAGE_STANDARD = gnu99;
				GCC_NO_COMMON_BLOCKS = YES;
				GCC_WARN_64_TO_32_BIT_CONVERSION = YES;
				GCC_WARN_ABOUT_RETURN_TYPE = YES_ERROR;
				GCC_WARN_UNDECLARED_SELECTOR = YES;
				GCC_WARN_UNINITIALIZED_AUTOS = YES_AGGRESSIVE;
				GCC_WARN_UNUSED_FUNCTION = YES;
				GCC_WARN_UNUSED_VARIABLE = YES;
				IPHONEOS_DEPLOYMENT_TARGET = 8.4;
				MTL_ENABLE_DEBUG_INFO = NO;
				SDKROOT = iphoneos;
				VALIDATE_PRODUCT = YES;
			};
			name = Release;
		};
		A6C000A01D0B0883003DFA01 /* Debug */ = {
			isa = XCBuildConfiguration;
			buildSettings = {
				ASSETCATALOG_COMPILER_APPICON_NAME = AppIcon;
				INFOPLIST_FILE = PlaygorundSwift/Info.plist;
				LD_RUNPATH_SEARCH_PATHS = "$(inherited) @executable_path/Frameworks";
				PRODUCT_NAME = "$(TARGET_NAME)";
			};
			name = Debug;
		};
		A6C000A11D0B0883003DFA01 /* Release */ = {
			isa = XCBuildConfiguration;
			buildSettings = {
				ASSETCATALOG_COMPILER_APPICON_NAME = AppIcon;
				INFOPLIST_FILE = PlaygorundSwift/Info.plist;
				LD_RUNPATH_SEARCH_PATHS = "$(inherited) @executable_path/Frameworks";
				PRODUCT_NAME = "$(TARGET_NAME)";
			};
			name = Release;
		};
		A6C000A31D0B0883003DFA01 /* Debug */ = {
			isa = XCBuildConfiguration;
			buildSettings = {
				BUNDLE_LOADER = "$(TEST_HOST)";
				FRAMEWORK_SEARCH_PATHS = (
					"$(SDKROOT)/Developer/Library/Frameworks",
					"$(inherited)",
				);
				GCC_PREPROCESSOR_DEFINITIONS = (
					"DEBUG=1",
					"$(inherited)",
				);
				INFOPLIST_FILE = PlaygorundSwiftTests/Info.plist;
				LD_RUNPATH_SEARCH_PATHS = "$(inherited) @executable_path/Frameworks @loader_path/Frameworks";
				PRODUCT_NAME = "$(TARGET_NAME)";
				TEST_HOST = "$(BUILT_PRODUCTS_DIR)/PlaygorundSwift.app/PlaygorundSwift";
			};
			name = Debug;
		};
		A6C000A41D0B0883003DFA01 /* Release */ = {
			isa = XCBuildConfiguration;
			buildSettings = {
				BUNDLE_LOADER = "$(TEST_HOST)";
				FRAMEWORK_SEARCH_PATHS = (
					"$(SDKROOT)/Developer/Library/Frameworks",
					"$(inherited)",
				);
				INFOPLIST_FILE = PlaygorundSwiftTests/Info.plist;
				LD_RUNPATH_SEARCH_PATHS = "$(inherited) @executable_path/Frameworks @loader_path/Frameworks";
				PRODUCT_NAME = "$(TARGET_NAME)";
				TEST_HOST = "$(BUILT_PRODUCTS_DIR)/PlaygorundSwift.app/PlaygorundSwift";
			};
			name = Release;
		};
/* End XCBuildConfiguration section */

/* Begin XCConfigurationList section */
		A6C0007B1D0B0883003DFA01 /* Build configuration list for PBXProject "PlaygorundSwift" */ = {
			isa = XCConfigurationList;
			buildConfigurations = (
				A6C0009D1D0B0883003DFA01 /* Debug */,
				A6C0009E1D0B0883003DFA01 /* Release */,
			);
			defaultConfigurationIsVisible = 0;
			defaultConfigurationName = Release;
		};
		A6C0009F1D0B0883003DFA01 /* Build configuration list for PBXNativeTarget "PlaygorundSwift" */ = {
			isa = XCConfigurationList;
			buildConfigurations = (
				A6C000A01D0B0883003DFA01 /* Debug */,
				A6C000A11D0B0883003DFA01 /* Release */,
			);
			defaultConfigurationIsVisible = 0;
		};
		A6C000A21D0B0883003DFA01 /* Build configuration list for PBXNativeTarget "PlaygorundSwiftTests" */ = {
			isa = XCConfigurationList;
			buildConfigurations = (
				A6C000A31D0B0883003DFA01 /* Debug */,
				A6C000A41D0B0883003DFA01 /* Release */,
			);
			defaultConfigurationIsVisible = 0;
		};
/* End XCConfigurationList section */
	};
	rootObject = A6C000781D0B0883003DFA01 /* Project object */;
}
